
Microsoft Visual Studio Solution File, Format Version 12.00
# Visual Studio Version 17
VisualStudioVersion = 17.1.32421.90
MinimumVisualStudioVersion = 10.0.40219.1
Project("{9A19103F-16F7-4668-BE54-9A1E7A4F7556}") = "template-csharp-class-of-your-choice", "template-csharp-class-of-your-choice.csproj", "{33FCD2F6-F322-45FA-B6F4-4D140FA366F6}"
EndProject
Global
	GlobalSection(SolutionConfigurationPlatforms) = preSolution
		Debug|Any CPU = Debug|Any CPU
		Release|Any CPU = Release|Any CPU
	EndGlobalSection
	GlobalSection(ProjectConfigurationPlatforms) = postSolution
		{33FCD2F6-F322-45FA-B6F4-4D140FA366F6}.Debug|Any CPU.ActiveCfg = Debug|Any CPU
		{33FCD2F6-F322-45FA-B6F4-4D140FA366F6}.Debug|Any CPU.Build.0 = Debug|Any CPU
		{33FCD2F6-F322-45FA-B6F4-4D140FA366F6}.Release|Any CPU.ActiveCfg = Release|Any CPU
		{33FCD2F6-F322-45FA-B6F4-4D140FA366F6}.Release|Any CPU.Build.0 = Release|Any CPU
	EndGlobalSection
	GlobalSection(SolutionProperties) = preSolution
		HideSolutionNode = FALSE
	EndGlobalSection
	GlobalSection(ExtensibilityGlobals) = postSolution
		SolutionGuid = {CE8B108A-6236-4D27-93FA-DB6271C01E1A}
	EndGlobalSection
EndGlobal
